// !$*UTF8*$!
{"archiveVersion" = 1;"classes" = {};"objectVersion" = 56;"objects" = {"5553DD057244C5C7CBD8258F" = {"isa" = "PBXFileReference";"lastKnownFileType" = "sourcecode.swift";"path" = "Shared/Telemetry.swift";"sourceTree" = "<group>";};"D82E62FFB6F98571D48A7639" = {"isa" = "PBXFileReference";"lastKnownFileType" = "sourcecode.swift";"path" = "Shared/MuonActivity.swift";"sourceTree" = "<group>";};"18D839C616ADDEF96184C3A3" = {"isa" = "PBXFileReference";"lastKnownFileType" = "sourcecode.swift";"path" = "App/Monitor.swift";"sourceTree" = "<group>";};"F4CEC822547381F85D695777" = {"isa" = "PBXFileReference";"lastKnownFileType" = "sourcecode.swift";"path" = "App/MuonMonitorApp.swift";"sourceTree" = "<group>";};"67CF54492E0B0BFEC3E69294" = {"isa" = "PBXFileReference";"lastKnownFileType" = "sourcecode.swift";"path" = "Shared/Correction.swift";"sourceTree" = "<group>";};"3B847E6FE0230BD785BF664F" = {"isa" = "PBXFileReference";"lastKnownFileType" = "sourcecode.swift";"path" = "App/PhoneMetadata.swift";"sourceTree" = "<group>";};"09FD13AB5D546DB1DD4FCC07" = {"isa" = "PBXFileReference";"lastKnownFileType" = "sourcecode.swift";"path" = "App/ChartsView.swift";"sourceTree" = "<group>";};"5D9277A5A485D9D5E3A6E21F" = {"isa" = "PBXFileReference";"lastKnownFileType" = "sourcecode.swift";"path" = "App/ControlsView.swift";"sourceTree" = "<group>";};"FC89C398383BAACF950D819D" = {"isa" = "PBXFileReference";"lastKnownFileType" = "sourcecode.swift";"path" = "App/SettingsView.swift";"sourceTree" = "<group>";};"8A78683AA939CD4DB3208AFE" = {"isa" = "PBXFileReference";"lastKnownFileType" = "sourcecode.swift";"path" = "App/Demo.swift";"sourceTree" = "<group>";};"9CA59A0B523691D5D63CAF45" = {"isa" = "PBXFileReference";"lastKnownFileType" = "sourcecode.swift";"path" = "Widget/MuonWidget.swift";"sourceTree" = "<group>";};"A2CDD2B51B9CC7AF9D7B2D55" = {"isa" = "PBXFileReference";"lastKnownFileType" = "text.plist.xml";"path" = "App/Info.plist";"sourceTree" = "<group>";};"129C2410F7286174290F8C39" = {"isa" = "PBXFileReference";"lastKnownFileType" = "text.plist.xml";"path" = "Widget/Info.plist";"sourceTree" = "<group>";};"4E783A9E10D2A8ABA38CD11C" = {"isa" = "PBXFileReference";"explicitFileType" = "wrapper.application";"path" = "MuonMonitor.app";"sourceTree" = "BUILT_PRODUCTS_DIR";};"D1FC3980C62A8D20F6C0FFF0" = {"isa" = "PBXFileReference";"explicitFileType" = "wrapper.app-extension";"path" = "MuonLive.appex";"sourceTree" = "BUILT_PRODUCTS_DIR";};"FBDC4F23F93125BBEEAE800C" = {"isa" = "PBXGroup";"children" = ("4E783A9E10D2A8ABA38CD11C","D1FC3980C62A8D20F6C0FFF0");"name" = "Products";"sourceTree" = "<group>";};"B28B7AF69320201D1CF206EB" = {"isa" = "PBXGroup";"children" = ("5553DD057244C5C7CBD8258F","D82E62FFB6F98571D48A7639","18D839C616ADDEF96184C3A3","F4CEC822547381F85D695777","67CF54492E0B0BFEC3E69294","3B847E6FE0230BD785BF664F","09FD13AB5D546DB1DD4FCC07","5D9277A5A485D9D5E3A6E21F","FC89C398383BAACF950D819D","8A78683AA939CD4DB3208AFE","9CA59A0B523691D5D63CAF45","A2CDD2B51B9CC7AF9D7B2D55","129C2410F7286174290F8C39","FBDC4F23F93125BBEEAE800C");"sourceTree" = "<group>";};"89E1FD6268CC0F221A2BE178" = {"isa" = "XCBuildConfiguration";"buildSettings" = {"SDKROOT" = "iphoneos";"IPHONEOS_DEPLOYMENT_TARGET" = "17.0";"SWIFT_VERSION" = "5.0";"TARGETED_DEVICE_FAMILY" = "1";"CODE_SIGN_STYLE" = "Automatic";"SWIFT_STRICT_CONCURRENCY" = "targeted";"CLANG_ENABLE_MODULES" = "YES";"SWIFT_ACTIVE_COMPILATION_CONDITIONS" = "DEBUG";"SWIFT_OPTIMIZATION_LEVEL" = "-Onone";"DEBUG_INFORMATION_FORMAT" = "dwarf";};"name" = "Debug";};"E6DE6C99132752C914FEF632" = {"isa" = "XCBuildConfiguration";"buildSettings" = {"SDKROOT" = "iphoneos";"IPHONEOS_DEPLOYMENT_TARGET" = "17.0";"SWIFT_VERSION" = "5.0";"TARGETED_DEVICE_FAMILY" = "1";"CODE_SIGN_STYLE" = "Automatic";"SWIFT_STRICT_CONCURRENCY" = "targeted";"CLANG_ENABLE_MODULES" = "YES";"SWIFT_ACTIVE_COMPILATION_CONDITIONS" = "";"SWIFT_OPTIMIZATION_LEVEL" = "-O";"DEBUG_INFORMATION_FORMAT" = "dwarf-with-dsym";};"name" = "Release";};"862894B703A6DEDF96A9DD6C" = {"isa" = "XCConfigurationList";"buildConfigurations" = ("89E1FD6268CC0F221A2BE178","E6DE6C99132752C914FEF632");"defaultConfigurationIsVisible" = 0;"defaultConfigurationName" = "Release";};"295B860AB7E6F6820E4113C6" = {"isa" = "PBXBuildFile";"fileRef" = "D82E62FFB6F98571D48A7639";};"6E162CADCB478A9FD8A4FD3A" = {"isa" = "PBXBuildFile";"fileRef" = "9CA59A0B523691D5D63CAF45";};"1930B20A5AA38F23C252868F" = {"isa" = "PBXSourcesBuildPhase";"buildActionMask" = 2147483647;"files" = ("295B860AB7E6F6820E4113C6","6E162CADCB478A9FD8A4FD3A");"runOnlyForDeploymentPostprocessing" = 0;};"AEE7CA3AE6CBA66CDB9153FC" = {"isa" = "PBXFrameworksBuildPhase";"buildActionMask" = 2147483647;"files" = ();"runOnlyForDeploymentPostprocessing" = 0;};"A47604AA88584805300D4A7E" = {"isa" = "PBXResourcesBuildPhase";"buildActionMask" = 2147483647;"files" = ();"runOnlyForDeploymentPostprocessing" = 0;};"8EEBAB68363C2B0DAE00DB30" = {"isa" = "XCBuildConfiguration";"buildSettings" = {"PRODUCT_NAME" = "MuonLive";"PRODUCT_BUNDLE_IDENTIFIER" = "org.muonreadout.MuonMonitor.Live";"INFOPLIST_FILE" = "Widget/Info.plist";"GENERATE_INFOPLIST_FILE" = "NO";"LD_RUNPATH_SEARCH_PATHS" = ("$(inherited)","@executable_path/Frameworks","@executable_path/../../Frameworks");"SKIP_INSTALL" = "YES";"APPLICATION_EXTENSION_API_ONLY" = "YES";"SWIFT_ACTIVE_COMPILATION_CONDITIONS" = "DEBUG";"SWIFT_OPTIMIZATION_LEVEL" = "-Onone";"DEBUG_INFORMATION_FORMAT" = "dwarf";};"name" = "Debug";};"9B3B545F8CBA1ACB550689D3" = {"isa" = "XCBuildConfiguration";"buildSettings" = {"PRODUCT_NAME" = "MuonLive";"PRODUCT_BUNDLE_IDENTIFIER" = "org.muonreadout.MuonMonitor.Live";"INFOPLIST_FILE" = "Widget/Info.plist";"GENERATE_INFOPLIST_FILE" = "NO";"LD_RUNPATH_SEARCH_PATHS" = ("$(inherited)","@executable_path/Frameworks","@executable_path/../../Frameworks");"SKIP_INSTALL" = "YES";"APPLICATION_EXTENSION_API_ONLY" = "YES";"SWIFT_ACTIVE_COMPILATION_CONDITIONS" = "";"SWIFT_OPTIMIZATION_LEVEL" = "-O";"DEBUG_INFORMATION_FORMAT" = "dwarf-with-dsym";};"name" = "Release";};"9ED0E5B5BC01E6B082EFBF74" = {"isa" = "XCConfigurationList";"buildConfigurations" = ("8EEBAB68363C2B0DAE00DB30","9B3B545F8CBA1ACB550689D3");"defaultConfigurationIsVisible" = 0;"defaultConfigurationName" = "Release";};"FAD79F600E79F84B420BD567" = {"isa" = "PBXNativeTarget";"buildConfigurationList" = "9ED0E5B5BC01E6B082EFBF74";"buildPhases" = ("1930B20A5AA38F23C252868F","AEE7CA3AE6CBA66CDB9153FC","A47604AA88584805300D4A7E");"buildRules" = ();"dependencies" = ();"name" = "MuonLive";"productName" = "MuonLive";"productReference" = "D1FC3980C62A8D20F6C0FFF0";"productType" = "com.apple.product-type.app-extension";};"53D4B162C4718B173675DBDE" = {"isa" = "PBXBuildFile";"fileRef" = "D82E62FFB6F98571D48A7639";};"5CD89F0409FEEE078ED3CD64" = {"isa" = "PBXBuildFile";"fileRef" = "5553DD057244C5C7CBD8258F";};"8CFC0605D2906077CBECC6A0" = {"isa" = "PBXBuildFile";"fileRef" = "18D839C616ADDEF96184C3A3";};"A648943C7A03B7A26D704A51" = {"isa" = "PBXBuildFile";"fileRef" = "F4CEC822547381F85D695777";};"55BFAE9D4705118EBC13498E" = {"isa" = "PBXBuildFile";"fileRef" = "67CF54492E0B0BFEC3E69294";};"B8E5DE58FC9C5F62F8A9E4EB" = {"isa" = "PBXBuildFile";"fileRef" = "3B847E6FE0230BD785BF664F";};"19D680B641BD4CC710154D9E" = {"isa" = "PBXBuildFile";"fileRef" = "09FD13AB5D546DB1DD4FCC07";};"B92103FCCCCE892F5160CAE8" = {"isa" = "PBXBuildFile";"fileRef" = "5D9277A5A485D9D5E3A6E21F";};"38FDDB4E95FB798262B1385D" = {"isa" = "PBXBuildFile";"fileRef" = "FC89C398383BAACF950D819D";};"C1A87EAF9D38D66223D46249" = {"isa" = "PBXBuildFile";"fileRef" = "8A78683AA939CD4DB3208AFE";};"905DB04043B7311D06A28734" = {"isa" = "PBXSourcesBuildPhase";"buildActionMask" = 2147483647;"files" = ("53D4B162C4718B173675DBDE","5CD89F0409FEEE078ED3CD64","8CFC0605D2906077CBECC6A0","A648943C7A03B7A26D704A51","55BFAE9D4705118EBC13498E","B8E5DE58FC9C5F62F8A9E4EB","19D680B641BD4CC710154D9E","B92103FCCCCE892F5160CAE8","38FDDB4E95FB798262B1385D","C1A87EAF9D38D66223D46249");"runOnlyForDeploymentPostprocessing" = 0;};"128C3A5FCB266048836E78F6" = {"isa" = "PBXFrameworksBuildPhase";"buildActionMask" = 2147483647;"files" = ();"runOnlyForDeploymentPostprocessing" = 0;};"12A78AD7BB4C0410A4A933CB" = {"isa" = "PBXResourcesBuildPhase";"buildActionMask" = 2147483647;"files" = ();"runOnlyForDeploymentPostprocessing" = 0;};"0993E4A2BC1A5841BF40A8E8" = {"isa" = "PBXBuildFile";"fileRef" = "D1FC3980C62A8D20F6C0FFF0";"settings" = {"ATTRIBUTES" = ("RemoveHeadersOnCopy");};};"CFFF27C96089B93150F3553B" = {"isa" = "PBXCopyFilesBuildPhase";"buildActionMask" = 2147483647;"dstPath" = "";"dstSubfolderSpec" = 13;"files" = ("0993E4A2BC1A5841BF40A8E8");"name" = "Embed App Extensions";"runOnlyForDeploymentPostprocessing" = 0;};"D799BAE6088A90139B415FCC" = {"isa" = "PBXContainerItemProxy";"containerPortal" = "98F54143AB4E86B28C3AFEE0";"proxyType" = 1;"remoteGlobalIDString" = "FAD79F600E79F84B420BD567";"remoteInfo" = "MuonLive";};"DE58E2B17C19600779694943" = {"isa" = "PBXTargetDependency";"target" = "FAD79F600E79F84B420BD567";"targetProxy" = "D799BAE6088A90139B415FCC";};"E9B2E96ABC5F6856F2BE79CF" = {"isa" = "XCBuildConfiguration";"buildSettings" = {"PRODUCT_NAME" = "MuonMonitor";"PRODUCT_BUNDLE_IDENTIFIER" = "org.muonreadout.MuonMonitor";"INFOPLIST_FILE" = "App/Info.plist";"GENERATE_INFOPLIST_FILE" = "NO";"LD_RUNPATH_SEARCH_PATHS" = ("$(inherited)","@executable_path/Frameworks","@executable_path/../../Frameworks");"SKIP_INSTALL" = "NO";"SWIFT_ACTIVE_COMPILATION_CONDITIONS" = "DEBUG";"SWIFT_OPTIMIZATION_LEVEL" = "-Onone";"DEBUG_INFORMATION_FORMAT" = "dwarf";};"name" = "Debug";};"5A8C91857F674E16E2724F47" = {"isa" = "XCBuildConfiguration";"buildSettings" = {"PRODUCT_NAME" = "MuonMonitor";"PRODUCT_BUNDLE_IDENTIFIER" = "org.muonreadout.MuonMonitor";"INFOPLIST_FILE" = "App/Info.plist";"GENERATE_INFOPLIST_FILE" = "NO";"LD_RUNPATH_SEARCH_PATHS" = ("$(inherited)","@executable_path/Frameworks","@executable_path/../../Frameworks");"SKIP_INSTALL" = "NO";"SWIFT_ACTIVE_COMPILATION_CONDITIONS" = "";"SWIFT_OPTIMIZATION_LEVEL" = "-O";"DEBUG_INFORMATION_FORMAT" = "dwarf-with-dsym";};"name" = "Release";};"F37922C48DA5978D02C9E50E" = {"isa" = "XCConfigurationList";"buildConfigurations" = ("E9B2E96ABC5F6856F2BE79CF","5A8C91857F674E16E2724F47");"defaultConfigurationIsVisible" = 0;"defaultConfigurationName" = "Release";};"F75109BEB4DD8800DA6B45F8" = {"isa" = "PBXNativeTarget";"buildConfigurationList" = "F37922C48DA5978D02C9E50E";"buildPhases" = ("905DB04043B7311D06A28734","128C3A5FCB266048836E78F6","12A78AD7BB4C0410A4A933CB","CFFF27C96089B93150F3553B");"buildRules" = ();"dependencies" = ("DE58E2B17C19600779694943");"name" = "MuonMonitor";"productName" = "MuonMonitor";"productReference" = "4E783A9E10D2A8ABA38CD11C";"productType" = "com.apple.product-type.application";};"98F54143AB4E86B28C3AFEE0" = {"isa" = "PBXProject";"attributes" = {"LastUpgradeCheck" = "2700";"TargetAttributes" = {"F75109BEB4DD8800DA6B45F8" = {"CreatedOnToolsVersion" = "27.0";};"FAD79F600E79F84B420BD567" = {"CreatedOnToolsVersion" = "27.0";};};};"buildConfigurationList" = "862894B703A6DEDF96A9DD6C";"compatibilityVersion" = "Xcode 14.0";"developmentRegion" = "en";"hasScannedForEncodings" = 0;"knownRegions" = ("en","Base");"mainGroup" = "B28B7AF69320201D1CF206EB";"productRefGroup" = "FBDC4F23F93125BBEEAE800C";"projectDirPath" = "";"projectRoot" = "";"targets" = ("FAD79F600E79F84B420BD567","F75109BEB4DD8800DA6B45F8");};};"rootObject" = "98F54143AB4E86B28C3AFEE0";}